
Microsoft Visual Studio Solution File, Format Version 12.00
# Visual Studio Version 17
VisualStudioVersion = 17.14.36121.58 d17.14
MinimumVisualStudioVersion = 10.0.40219.1
Project("{FAE04EC0-301F-11D3-BF4B-00C04F79EFBC}") = "HospitalManagementAndAppointmentSystem", "HospitalManagementAndAppointmentSystem\HospitalManagementAndAppointmentSystem.csproj", "{B8E9D806-D127-4A8E-BA42-17E5FB9236CB}"
EndProject
Project("{FAE04EC0-301F-11D3-BF4B-00C04F79EFBC}") = "Domain", "Domain\Domain.csproj", "{C44CC176-6CD8-4E5D-97D5-396B50870321}"
EndProject
Global
	GlobalSection(SolutionConfigurationPlatforms) = preSolution
		Debug|Any CPU = Debug|Any CPU
		Release|Any CPU = Release|Any CPU
	EndGlobalSection
	GlobalSection(ProjectConfigurationPlatforms) = postSolution
		{B8E9D806-D127-4A8E-BA42-17E5FB9236CB}.Debug|Any CPU.ActiveCfg = Debug|Any CPU
		{B8E9D806-D127-4A8E-BA42-17E5FB9236CB}.Debug|Any CPU.Build.0 = Debug|Any CPU
		{B8E9D806-D127-4A8E-BA42-17E5FB9236CB}.Release|Any CPU.ActiveCfg = Release|Any CPU
		{B8E9D806-D127-4A8E-BA42-17E5FB9236CB}.Release|Any CPU.Build.0 = Release|Any CPU
		{C44CC176-6CD8-4E5D-97D5-396B50870321}.Debug|Any CPU.ActiveCfg = Debug|Any CPU
		{C44CC176-6CD8-4E5D-97D5-396B50870321}.Debug|Any CPU.Build.0 = Debug|Any CPU
		{C44CC176-6CD8-4E5D-97D5-396B50870321}.Release|Any CPU.ActiveCfg = Release|Any CPU
		{C44CC176-6CD8-4E5D-97D5-396B50870321}.Release|Any CPU.Build.0 = Release|Any CPU
	EndGlobalSection
	GlobalSection(SolutionProperties) = preSolution
		HideSolutionNode = FALSE
	EndGlobalSection
	GlobalSection(ExtensibilityGlobals) = postSolution
		SolutionGuid = {F4B7AD0D-C90F-43D6-AAAA-8264AF944D1A}
	EndGlobalSection
EndGlobal
